
Microsoft Visual Studio Solution File, Format Version 12.00
# Visual Studio Version 16
VisualStudioVersion = 16.0.28917.181
MinimumVisualStudioVersion = 10.0.40219.1
Project("{9A19103F-16F7-4668-BE54-9A1E7A4F7556}") = "Add Two Numbers", "Add Two Numbers\Add Two Numbers.csproj", "{47264B57-43E0-475E-A011-DBF729D9D61A}"
EndProject
Project("{9A19103F-16F7-4668-BE54-9A1E7A4F7556}") = "Longest Substring Without Repeating Characters", "Longest Substring Without Repeating Characters\Longest Substring Without Repeating Characters.csproj", "{7D9300EE-E8E6-4993-9738-178D3387B136}"
EndProject
Project("{9A19103F-16F7-4668-BE54-9A1E7A4F7556}") = "Single Number", "Single Number\Single Number.csproj", "{A0AD7F8D-5C03-4FC6-96EB-2C6323E58C42}"
EndProject
Project("{9A19103F-16F7-4668-BE54-9A1E7A4F7556}") = "Palindrome Number", "Palindrome Number\Palindrome Number.csproj", "{A77BBB73-999D-45F5-9165-31B1BDD26AE8}"
EndProject
Project("{9A19103F-16F7-4668-BE54-9A1E7A4F7556}") = "Container With Most Water", "Container With Most Water\Container With Most Water.csproj", "{D9363F0F-C1A9-4D3A-A9A5-C9CC3D947770}"
EndProject
Project("{9A19103F-16F7-4668-BE54-9A1E7A4F7556}") = "Smallest Range", "Smallest Range\Smallest Range.csproj", "{CC9D618C-BADA-4692-92DD-4E58DA6312C1}"
EndProject
Project("{9A19103F-16F7-4668-BE54-9A1E7A4F7556}") = "Two Sum", "Two Sum\Two Sum.csproj", "{84C90E00-CC8C-48B4-AE64-F635A869A920}"
EndProject
Project("{FAE04EC0-301F-11D3-BF4B-00C04F79EFBC}") = "Jump Game", "Jump Game\Jump Game.csproj", "{2F235FEB-42DA-4571-8D35-CC36413E9825}"
EndProject
Project("{FAE04EC0-301F-11D3-BF4B-00C04F79EFBC}") = "Jump Game II", "Jump Game II\Jump Game II.csproj", "{E5A474E6-2EF3-46C8-99FF-3AA2EF8F9562}"
EndProject
Project("{FAE04EC0-301F-11D3-BF4B-00C04F79EFBC}") = "Remove Element", "Remove Element\Remove Element.csproj", "{A42893DF-9776-4C5B-997F-DABA7360C949}"
EndProject
Project("{FAE04EC0-301F-11D3-BF4B-00C04F79EFBC}") = "Roman to Integer", "Roman to Integer\Roman to Integer.csproj", "{28DF9587-083B-4B35-AE45-28E1791EA494}"
EndProject
Project("{FAE04EC0-301F-11D3-BF4B-00C04F79EFBC}") = "Reverse Integer", "Reverse Integer\Reverse Integer.csproj", "{76D60277-7D0D-4C04-B194-0D81041A5862}"
EndProject
Project("{FAE04EC0-301F-11D3-BF4B-00C04F79EFBC}") = "3Sum", "3Sum\3Sum.csproj", "{F66A9E90-EF88-406D-AC1C-2BA1E6A4A50D}"
EndProject
Project("{FAE04EC0-301F-11D3-BF4B-00C04F79EFBC}") = "3Sum Closest", "3Sum Closest\3Sum Closest.csproj", "{69F77545-BDF8-48E5-9501-F13EC98EB204}"
EndProject
Project("{FAE04EC0-301F-11D3-BF4B-00C04F79EFBC}") = "4Sum", "4Sum\4Sum.csproj", "{84E76059-CCE0-4EBB-A8FE-8B7B8BF0183E}"
EndProject
Project("{FAE04EC0-301F-11D3-BF4B-00C04F79EFBC}") = "LetterCombinations", "LetterCombinations\LetterCombinations.csproj", "{6CEED23D-3E81-40F9-A119-DDC0A7DDC184}"
EndProject
Project("{FAE04EC0-301F-11D3-BF4B-00C04F79EFBC}") = "Longest Common Prefix", "Longest Common Prefix\Longest Common Prefix.csproj", "{4B0B1C5F-EE5F-4ACE-92FD-F06003E2F009}"
EndProject
Project("{FAE04EC0-301F-11D3-BF4B-00C04F79EFBC}") = "Remove Nth Node From End of List", "Remove Nth Node From End of List\Remove Nth Node From End of List.csproj", "{F3362082-2863-42F3-8F98-95C510505462}"
EndProject
Project("{FAE04EC0-301F-11D3-BF4B-00C04F79EFBC}") = "Merge Two Sorted Lists", "Merge Two Sorted Lists\Merge Two Sorted Lists.csproj", "{FFC51BE8-9944-4C1F-A989-4EB3E940FB76}"
EndProject
Project("{FAE04EC0-301F-11D3-BF4B-00C04F79EFBC}") = "Valid Parentheses", "Valid Parentheses\Valid Parentheses.csproj", "{E29291ED-CA21-4821-BCF8-F5BB9938B647}"
EndProject
Project("{FAE04EC0-301F-11D3-BF4B-00C04F79EFBC}") = "Generate Parentheses", "Generate Parentheses\Generate Parentheses.csproj", "{6650A4AA-31C5-4E36-AFA4-D01D7A5CC8B1}"
EndProject
Project("{FAE04EC0-301F-11D3-BF4B-00C04F79EFBC}") = "Swap Nodes in Pairs", "Swap Nodes in Pairs\Swap Nodes in Pairs.csproj", "{8B6C1599-A106-4DD1-9E74-27C4A3154714}"
EndProject
Project("{FAE04EC0-301F-11D3-BF4B-00C04F79EFBC}") = "Remove Duplicates from Sorted Array", "Remove Duplicates from Sorted Array\Remove Duplicates from Sorted Array.csproj", "{AC7F91E5-48CD-4FBE-A21E-46032B571ACF}"
EndProject
Project("{FAE04EC0-301F-11D3-BF4B-00C04F79EFBC}") = "Implement strStr()", "Implement strStr()\Implement strStr().csproj", "{D5501BC4-2206-41D4-BEEE-40D7A6107CB3}"
EndProject
Project("{FAE04EC0-301F-11D3-BF4B-00C04F79EFBC}") = "Longest Valid Parentheses", "Longest Valid Parentheses\Longest Valid Parentheses.csproj", "{5A5FBEA4-04C4-489F-A161-64DA1773A5AE}"
EndProject
Project("{FAE04EC0-301F-11D3-BF4B-00C04F79EFBC}") = "Longest Word in Dictionary", "Longest Word in Dictionary\Longest Word in Dictionary.csproj", "{AB9496DF-9C9A-4AD4-91C4-9BE2BF4D3A9E}"
EndProject
Project("{FAE04EC0-301F-11D3-BF4B-00C04F79EFBC}") = "Min Stack", "Min Stack\Min Stack.csproj", "{4E579483-772E-4AA3-81BF-D8397AA490E3}"
EndProject
Project("{FAE04EC0-301F-11D3-BF4B-00C04F79EFBC}") = "My_Queue", "MyQueue\My_Queue.csproj", "{DC215B78-9ADC-404A-B865-FDA55AB99C15}"
EndProject
Project("{FAE04EC0-301F-11D3-BF4B-00C04F79EFBC}") = "LeetCodeTest", "LeetCodeTest\LeetCodeTest.csproj", "{CD1B49DE-E132-4376-AB67-00E2BEF756B2}"
EndProject
Project("{FAE04EC0-301F-11D3-BF4B-00C04F79EFBC}") = "Task Scheduler", "Task Scheduler\Task Scheduler.csproj", "{D06C2247-D674-406B-A1A8-F50B6EAB4707}"
EndProject
Project("{FAE04EC0-301F-11D3-BF4B-00C04F79EFBC}") = "Count_And_Say", "CountAndSay\Count_And_Say.csproj", "{651F24E4-627D-450D-98D0-8AB0F89FD96B}"
EndProject
Project("{FAE04EC0-301F-11D3-BF4B-00C04F79EFBC}") = "Sqrt", "Sqrt\Sqrt.csproj", "{00FDF965-1CFD-4C23-B65E-A0625FD86658}"
EndProject
Project("{FAE04EC0-301F-11D3-BF4B-00C04F79EFBC}") = "Permutations", "Permutations\Permutations.csproj", "{1DBD7B57-6521-460A-ADA5-F54B2F5B357A}"
EndProject
Project("{FAE04EC0-301F-11D3-BF4B-00C04F79EFBC}") = "Search Insert Position", "Search Insert Position\Search Insert Position.csproj", "{ED820BAE-781C-4389-8AC8-DC629BD40EE2}"
EndProject
Project("{FAE04EC0-301F-11D3-BF4B-00C04F79EFBC}") = "Search in Rotated Sorted Array", "Search in Rotated Sorted Array\Search in Rotated Sorted Array.csproj", "{EDF7CD36-1E09-437E-B67F-10EEDDAF5481}"
EndProject
Project("{FAE04EC0-301F-11D3-BF4B-00C04F79EFBC}") = "Search for a Range", "Search for a Range\Search for a Range.csproj", "{5B27CC2B-9F12-432D-852B-4E37B8F440D6}"
EndProject
Project("{FAE04EC0-301F-11D3-BF4B-00C04F79EFBC}") = "Pow(x,n)", "Pow(x,n)\Pow(x,n).csproj", "{95DEE256-6397-47DA-AF82-15A9740B56A5}"
EndProject
Project("{FAE04EC0-301F-11D3-BF4B-00C04F79EFBC}") = "House Robber", "House Robber\House Robber.csproj", "{DA1447BF-0380-483E-B510-1BE22EA4015E}"
EndProject
Project("{FAE04EC0-301F-11D3-BF4B-00C04F79EFBC}") = "Best Time to Buy and Sell Stock", "Best Time to Buy and Sell Stock\Best Time to Buy and Sell Stock.csproj", "{905B3457-9103-4ADB-9F95-7AC27D298542}"
EndProject
Project("{FAE04EC0-301F-11D3-BF4B-00C04F79EFBC}") = "Min Cost Climbing Stairs", "Min Cost Climbing Stairs\Min Cost Climbing Stairs.csproj", "{B9004980-1AD5-4B72-810D-AF4FB77C5685}"
EndProject
Project("{FAE04EC0-301F-11D3-BF4B-00C04F79EFBC}") = "Minimum Path Sum", "Minimum Path Sum\Minimum Path Sum.csproj", "{09B88033-F6AA-4088-BBC8-8B6E1E3216C2}"
EndProject
Project("{FAE04EC0-301F-11D3-BF4B-00C04F79EFBC}") = "Best Time to Buy and Sell Stock II", "Best Time to Buy and Sell Stock II\Best Time to Buy and Sell Stock II.csproj", "{8A484CEB-F85B-4B9B-B3E8-5CCA1267EC0F}"
EndProject
Project("{FAE04EC0-301F-11D3-BF4B-00C04F79EFBC}") = "Best Time to Buy and Sell Stock III", "Best Time to Buy and Sell Stock III\Best Time to Buy and Sell Stock III.csproj", "{0900F6D8-5ABC-48A4-BC0F-41604D920BC3}"
EndProject
Project("{FAE04EC0-301F-11D3-BF4B-00C04F79EFBC}") = "House Robber II", "House Robber II\House Robber II.csproj", "{29C6EE78-50C4-4D52-AAE9-D2B07FAFEAE5}"
EndProject
Project("{FAE04EC0-301F-11D3-BF4B-00C04F79EFBC}") = "Length of Last Word", "Length of Last Word\Length of Last Word.csproj", "{D1483CCC-E5F4-46E3-B62B-DC9719929FD6}"
EndProject
Project("{FAE04EC0-301F-11D3-BF4B-00C04F79EFBC}") = "Group Anagrams", "Group Anagrams\Group Anagrams.csproj", "{77323E6D-B857-42A2-8F59-E99AC82A9B85}"
EndProject
Project("{FAE04EC0-301F-11D3-BF4B-00C04F79EFBC}") = "Maximum Subarray", "Maximum Subarray\Maximum Subarray.csproj", "{5FB5F3DC-C6A7-48B8-8811-5BD4028ACE0E}"
EndProject
Project("{FAE04EC0-301F-11D3-BF4B-00C04F79EFBC}") = "Detect_Capital", "TypeOfDdemo\Detect_Capital.csproj", "{EDCCD896-B4FC-40CC-B7CA-E741B5B7D90F}"
EndProject
Project("{FAE04EC0-301F-11D3-BF4B-00C04F79EFBC}") = "Unique Paths", "Unique Paths\Unique Paths.csproj", "{6F2A3353-6A11-4AC6-ADA3-8AD0DF3520EB}"
EndProject
Project("{9A19103F-16F7-4668-BE54-9A1E7A4F7556}") = "Largest Number", "Largest Number\Largest Number.csproj", "{41E57F28-AB5D-4DAE-9F55-0C4D1E4C0C47}"
EndProject
Project("{9A19103F-16F7-4668-BE54-9A1E7A4F7556}") = "Sort List", "Sort List\Sort List.csproj", "{40CD33A2-5FDC-4333-AB0D-184803F7A7A1}"
EndProject
Project("{9A19103F-16F7-4668-BE54-9A1E7A4F7556}") = "Target Sum", "Target Sum\Target Sum.csproj", "{B62524F1-6785-4EAE-92D3-BD08EABDB1F7}"
EndProject
Project("{9A19103F-16F7-4668-BE54-9A1E7A4F7556}") = "Plus One", "Plus One\Plus One.csproj", "{200BAFB6-20A2-4CF2-B683-AF50AC7116E2}"
EndProject
Project("{9A19103F-16F7-4668-BE54-9A1E7A4F7556}") = "Subsets", "Subsets\Subsets.csproj", "{1F726335-7A6C-4101-ACBA-530650FD6A01}"
EndProject
Project("{9A19103F-16F7-4668-BE54-9A1E7A4F7556}") = "SubsetsII", "SubsetsII\SubsetsII.csproj", "{182837D1-C254-47FF-B3A4-3AE76BB964A0}"
EndProject
Project("{9A19103F-16F7-4668-BE54-9A1E7A4F7556}") = "Symmetric Tree", "Symmetric Tree\Symmetric Tree.csproj", "{E3E34C41-BF2B-46CE-AFA0-C6C6BE32C8D2}"
EndProject
Project("{9A19103F-16F7-4668-BE54-9A1E7A4F7556}") = "Binary Tree Inorder Traversal", "Binary Tree Inorder Traversal\Binary Tree Inorder Traversal.csproj", "{D69E99DB-6CE7-4845-8A58-1FA84A968355}"
EndProject
Project("{FAE04EC0-301F-11D3-BF4B-00C04F79EFBC}") = "Merge Sorted Array", "Merge Sorted Array\Merge Sorted Array.csproj", "{84D0CCB0-7C82-48F2-B58C-FCBD426BE98E}"
EndProject
Global
	GlobalSection(SolutionConfigurationPlatforms) = preSolution
		Debug|Any CPU = Debug|Any CPU
		Release|Any CPU = Release|Any CPU
	EndGlobalSection
	GlobalSection(ProjectConfigurationPlatforms) = postSolution
		{47264B57-43E0-475E-A011-DBF729D9D61A}.Debug|Any CPU.ActiveCfg = Debug|Any CPU
		{47264B57-43E0-475E-A011-DBF729D9D61A}.Debug|Any CPU.Build.0 = Debug|Any CPU
		{47264B57-43E0-475E-A011-DBF729D9D61A}.Release|Any CPU.ActiveCfg = Release|Any CPU
		{47264B57-43E0-475E-A011-DBF729D9D61A}.Release|Any CPU.Build.0 = Release|Any CPU
		{7D9300EE-E8E6-4993-9738-178D3387B136}.Debug|Any CPU.ActiveCfg = Debug|Any CPU
		{7D9300EE-E8E6-4993-9738-178D3387B136}.Debug|Any CPU.Build.0 = Debug|Any CPU
		{7D9300EE-E8E6-4993-9738-178D3387B136}.Release|Any CPU.ActiveCfg = Release|Any CPU
		{7D9300EE-E8E6-4993-9738-178D3387B136}.Release|Any CPU.Build.0 = Release|Any CPU
		{A0AD7F8D-5C03-4FC6-96EB-2C6323E58C42}.Debug|Any CPU.ActiveCfg = Debug|Any CPU
		{A0AD7F8D-5C03-4FC6-96EB-2C6323E58C42}.Debug|Any CPU.Build.0 = Debug|Any CPU
		{A0AD7F8D-5C03-4FC6-96EB-2C6323E58C42}.Release|Any CPU.ActiveCfg = Release|Any CPU
		{A0AD7F8D-5C03-4FC6-96EB-2C6323E58C42}.Release|Any CPU.Build.0 = Release|Any CPU
		{A77BBB73-999D-45F5-9165-31B1BDD26AE8}.Debug|Any CPU.ActiveCfg = Debug|Any CPU
		{A77BBB73-999D-45F5-9165-31B1BDD26AE8}.Debug|Any CPU.Build.0 = Debug|Any CPU
		{A77BBB73-999D-45F5-9165-31B1BDD26AE8}.Release|Any CPU.ActiveCfg = Release|Any CPU
		{A77BBB73-999D-45F5-9165-31B1BDD26AE8}.Release|Any CPU.Build.0 = Release|Any CPU
		{D9363F0F-C1A9-4D3A-A9A5-C9CC3D947770}.Debug|Any CPU.ActiveCfg = Debug|Any CPU
		{D9363F0F-C1A9-4D3A-A9A5-C9CC3D947770}.Debug|Any CPU.Build.0 = Debug|Any CPU
		{D9363F0F-C1A9-4D3A-A9A5-C9CC3D947770}.Release|Any CPU.ActiveCfg = Release|Any CPU
		{D9363F0F-C1A9-4D3A-A9A5-C9CC3D947770}.Release|Any CPU.Build.0 = Release|Any CPU
		{CC9D618C-BADA-4692-92DD-4E58DA6312C1}.Debug|Any CPU.ActiveCfg = Debug|Any CPU
		{CC9D618C-BADA-4692-92DD-4E58DA6312C1}.Debug|Any CPU.Build.0 = Debug|Any CPU
		{CC9D618C-BADA-4692-92DD-4E58DA6312C1}.Release|Any CPU.ActiveCfg = Release|Any CPU
		{CC9D618C-BADA-4692-92DD-4E58DA6312C1}.Release|Any CPU.Build.0 = Release|Any CPU
		{84C90E00-CC8C-48B4-AE64-F635A869A920}.Debug|Any CPU.ActiveCfg = Debug|Any CPU
		{84C90E00-CC8C-48B4-AE64-F635A869A920}.Debug|Any CPU.Build.0 = Debug|Any CPU
		{84C90E00-CC8C-48B4-AE64-F635A869A920}.Release|Any CPU.ActiveCfg = Release|Any CPU
		{84C90E00-CC8C-48B4-AE64-F635A869A920}.Release|Any CPU.Build.0 = Release|Any CPU
		{2F235FEB-42DA-4571-8D35-CC36413E9825}.Debug|Any CPU.ActiveCfg = Debug|Any CPU
		{2F235FEB-42DA-4571-8D35-CC36413E9825}.Debug|Any CPU.Build.0 = Debug|Any CPU
		{2F235FEB-42DA-4571-8D35-CC36413E9825}.Release|Any CPU.ActiveCfg = Release|Any CPU
		{2F235FEB-42DA-4571-8D35-CC36413E9825}.Release|Any CPU.Build.0 = Release|Any CPU
		{E5A474E6-2EF3-46C8-99FF-3AA2EF8F9562}.Debug|Any CPU.ActiveCfg = Debug|Any CPU
		{E5A474E6-2EF3-46C8-99FF-3AA2EF8F9562}.Debug|Any CPU.Build.0 = Debug|Any CPU
		{E5A474E6-2EF3-46C8-99FF-3AA2EF8F9562}.Release|Any CPU.ActiveCfg = Release|Any CPU
		{E5A474E6-2EF3-46C8-99FF-3AA2EF8F9562}.Release|Any CPU.Build.0 = Release|Any CPU
		{A42893DF-9776-4C5B-997F-DABA7360C949}.Debug|Any CPU.ActiveCfg = Debug|Any CPU
		{A42893DF-9776-4C5B-997F-DABA7360C949}.Debug|Any CPU.Build.0 = Debug|Any CPU
		{A42893DF-9776-4C5B-997F-DABA7360C949}.Release|Any CPU.ActiveCfg = Release|Any CPU
		{A42893DF-9776-4C5B-997F-DABA7360C949}.Release|Any CPU.Build.0 = Release|Any CPU
		{28DF9587-083B-4B35-AE45-28E1791EA494}.Debug|Any CPU.ActiveCfg = Debug|Any CPU
		{28DF9587-083B-4B35-AE45-28E1791EA494}.Debug|Any CPU.Build.0 = Debug|Any CPU
		{28DF9587-083B-4B35-AE45-28E1791EA494}.Release|Any CPU.ActiveCfg = Release|Any CPU
		{28DF9587-083B-4B35-AE45-28E1791EA494}.Release|Any CPU.Build.0 = Release|Any CPU
		{76D60277-7D0D-4C04-B194-0D81041A5862}.Debug|Any CPU.ActiveCfg = Debug|Any CPU
		{76D60277-7D0D-4C04-B194-0D81041A5862}.Debug|Any CPU.Build.0 = Debug|Any CPU
		{76D60277-7D0D-4C04-B194-0D81041A5862}.Release|Any CPU.ActiveCfg = Release|Any CPU
		{76D60277-7D0D-4C04-B194-0D81041A5862}.Release|Any CPU.Build.0 = Release|Any CPU
		{F66A9E90-EF88-406D-AC1C-2BA1E6A4A50D}.Debug|Any CPU.ActiveCfg = Debug|Any CPU
		{F66A9E90-EF88-406D-AC1C-2BA1E6A4A50D}.Debug|Any CPU.Build.0 = Debug|Any CPU
		{F66A9E90-EF88-406D-AC1C-2BA1E6A4A50D}.Release|Any CPU.ActiveCfg = Release|Any CPU
		{F66A9E90-EF88-406D-AC1C-2BA1E6A4A50D}.Release|Any CPU.Build.0 = Release|Any CPU
		{69F77545-BDF8-48E5-9501-F13EC98EB204}.Debug|Any CPU.ActiveCfg = Debug|Any CPU
		{69F77545-BDF8-48E5-9501-F13EC98EB204}.Debug|Any CPU.Build.0 = Debug|Any CPU
		{69F77545-BDF8-48E5-9501-F13EC98EB204}.Release|Any CPU.ActiveCfg = Release|Any CPU
		{69F77545-BDF8-48E5-9501-F13EC98EB204}.Release|Any CPU.Build.0 = Release|Any CPU
		{84E76059-CCE0-4EBB-A8FE-8B7B8BF0183E}.Debug|Any CPU.ActiveCfg = Debug|Any CPU
		{84E76059-CCE0-4EBB-A8FE-8B7B8BF0183E}.Debug|Any CPU.Build.0 = Debug|Any CPU
		{84E76059-CCE0-4EBB-A8FE-8B7B8BF0183E}.Release|Any CPU.ActiveCfg = Release|Any CPU
		{84E76059-CCE0-4EBB-A8FE-8B7B8BF0183E}.Release|Any CPU.Build.0 = Release|Any CPU
		{6CEED23D-3E81-40F9-A119-DDC0A7DDC184}.Debug|Any CPU.ActiveCfg = Debug|Any CPU
		{6CEED23D-3E81-40F9-A119-DDC0A7DDC184}.Debug|Any CPU.Build.0 = Debug|Any CPU
		{6CEED23D-3E81-40F9-A119-DDC0A7DDC184}.Release|Any CPU.ActiveCfg = Release|Any CPU
		{6CEED23D-3E81-40F9-A119-DDC0A7DDC184}.Release|Any CPU.Build.0 = Release|Any CPU
		{4B0B1C5F-EE5F-4ACE-92FD-F06003E2F009}.Debug|Any CPU.ActiveCfg = Debug|Any CPU
		{4B0B1C5F-EE5F-4ACE-92FD-F06003E2F009}.Debug|Any CPU.Build.0 = Debug|Any CPU
		{4B0B1C5F-EE5F-4ACE-92FD-F06003E2F009}.Release|Any CPU.ActiveCfg = Release|Any CPU
		{4B0B1C5F-EE5F-4ACE-92FD-F06003E2F009}.Release|Any CPU.Build.0 = Release|Any CPU
		{F3362082-2863-42F3-8F98-95C510505462}.Debug|Any CPU.ActiveCfg = Debug|Any CPU
		{F3362082-2863-42F3-8F98-95C510505462}.Debug|Any CPU.Build.0 = Debug|Any CPU
		{F3362082-2863-42F3-8F98-95C510505462}.Release|Any CPU.ActiveCfg = Release|Any CPU
		{F3362082-2863-42F3-8F98-95C510505462}.Release|Any CPU.Build.0 = Release|Any CPU
		{FFC51BE8-9944-4C1F-A989-4EB3E940FB76}.Debug|Any CPU.ActiveCfg = Debug|Any CPU
		{FFC51BE8-9944-4C1F-A989-4EB3E940FB76}.Debug|Any CPU.Build.0 = Debug|Any CPU
		{FFC51BE8-9944-4C1F-A989-4EB3E940FB76}.Release|Any CPU.ActiveCfg = Release|Any CPU
		{FFC51BE8-9944-4C1F-A989-4EB3E940FB76}.Release|Any CPU.Build.0 = Release|Any CPU
		{E29291ED-CA21-4821-BCF8-F5BB9938B647}.Debug|Any CPU.ActiveCfg = Debug|Any CPU
		{E29291ED-CA21-4821-BCF8-F5BB9938B647}.Debug|Any CPU.Build.0 = Debug|Any CPU
		{E29291ED-CA21-4821-BCF8-F5BB9938B647}.Release|Any CPU.ActiveCfg = Release|Any CPU
		{E29291ED-CA21-4821-BCF8-F5BB9938B647}.Release|Any CPU.Build.0 = Release|Any CPU
		{6650A4AA-31C5-4E36-AFA4-D01D7A5CC8B1}.Debug|Any CPU.ActiveCfg = Debug|Any CPU
		{6650A4AA-31C5-4E36-AFA4-D01D7A5CC8B1}.Debug|Any CPU.Build.0 = Debug|Any CPU
		{6650A4AA-31C5-4E36-AFA4-D01D7A5CC8B1}.Release|Any CPU.ActiveCfg = Release|Any CPU
		{6650A4AA-31C5-4E36-AFA4-D01D7A5CC8B1}.Release|Any CPU.Build.0 = Release|Any CPU
		{8B6C1599-A106-4DD1-9E74-27C4A3154714}.Debug|Any CPU.ActiveCfg = Debug|Any CPU
		{8B6C1599-A106-4DD1-9E74-27C4A3154714}.Debug|Any CPU.Build.0 = Debug|Any CPU
		{8B6C1599-A106-4DD1-9E74-27C4A3154714}.Release|Any CPU.ActiveCfg = Release|Any CPU
		{8B6C1599-A106-4DD1-9E74-27C4A3154714}.Release|Any CPU.Build.0 = Release|Any CPU
		{AC7F91E5-48CD-4FBE-A21E-46032B571ACF}.Debug|Any CPU.ActiveCfg = Debug|Any CPU
		{AC7F91E5-48CD-4FBE-A21E-46032B571ACF}.Debug|Any CPU.Build.0 = Debug|Any CPU
		{AC7F91E5-48CD-4FBE-A21E-46032B571ACF}.Release|Any CPU.ActiveCfg = Release|Any CPU
		{AC7F91E5-48CD-4FBE-A21E-46032B571ACF}.Release|Any CPU.Build.0 = Release|Any CPU
		{D5501BC4-2206-41D4-BEEE-40D7A6107CB3}.Debug|Any CPU.ActiveCfg = Debug|Any CPU
		{D5501BC4-2206-41D4-BEEE-40D7A6107CB3}.Debug|Any CPU.Build.0 = Debug|Any CPU
		{D5501BC4-2206-41D4-BEEE-40D7A6107CB3}.Release|Any CPU.ActiveCfg = Release|Any CPU
		{D5501BC4-2206-41D4-BEEE-40D7A6107CB3}.Release|Any CPU.Build.0 = Release|Any CPU
		{5A5FBEA4-04C4-489F-A161-64DA1773A5AE}.Debug|Any CPU.ActiveCfg = Debug|Any CPU
		{5A5FBEA4-04C4-489F-A161-64DA1773A5AE}.Debug|Any CPU.Build.0 = Debug|Any CPU
		{5A5FBEA4-04C4-489F-A161-64DA1773A5AE}.Release|Any CPU.ActiveCfg = Release|Any CPU
		{5A5FBEA4-04C4-489F-A161-64DA1773A5AE}.Release|Any CPU.Build.0 = Release|Any CPU
		{AB9496DF-9C9A-4AD4-91C4-9BE2BF4D3A9E}.Debug|Any CPU.ActiveCfg = Debug|Any CPU
		{AB9496DF-9C9A-4AD4-91C4-9BE2BF4D3A9E}.Debug|Any CPU.Build.0 = Debug|Any CPU
		{AB9496DF-9C9A-4AD4-91C4-9BE2BF4D3A9E}.Release|Any CPU.ActiveCfg = Release|Any CPU
		{AB9496DF-9C9A-4AD4-91C4-9BE2BF4D3A9E}.Release|Any CPU.Build.0 = Release|Any CPU
		{4E579483-772E-4AA3-81BF-D8397AA490E3}.Debug|Any CPU.ActiveCfg = Debug|Any CPU
		{4E579483-772E-4AA3-81BF-D8397AA490E3}.Debug|Any CPU.Build.0 = Debug|Any CPU
		{4E579483-772E-4AA3-81BF-D8397AA490E3}.Release|Any CPU.ActiveCfg = Release|Any CPU
		{4E579483-772E-4AA3-81BF-D8397AA490E3}.Release|Any CPU.Build.0 = Release|Any CPU
		{DC215B78-9ADC-404A-B865-FDA55AB99C15}.Debug|Any CPU.ActiveCfg = Debug|Any CPU
		{DC215B78-9ADC-404A-B865-FDA55AB99C15}.Debug|Any CPU.Build.0 = Debug|Any CPU
		{DC215B78-9ADC-404A-B865-FDA55AB99C15}.Release|Any CPU.ActiveCfg = Release|Any CPU
		{DC215B78-9ADC-404A-B865-FDA55AB99C15}.Release|Any CPU.Build.0 = Release|Any CPU
		{CD1B49DE-E132-4376-AB67-00E2BEF756B2}.Debug|Any CPU.ActiveCfg = Debug|Any CPU
		{CD1B49DE-E132-4376-AB67-00E2BEF756B2}.Debug|Any CPU.Build.0 = Debug|Any CPU
		{CD1B49DE-E132-4376-AB67-00E2BEF756B2}.Release|Any CPU.ActiveCfg = Release|Any CPU
		{CD1B49DE-E132-4376-AB67-00E2BEF756B2}.Release|Any CPU.Build.0 = Release|Any CPU
		{D06C2247-D674-406B-A1A8-F50B6EAB4707}.Debug|Any CPU.ActiveCfg = Debug|Any CPU
		{D06C2247-D674-406B-A1A8-F50B6EAB4707}.Debug|Any CPU.Build.0 = Debug|Any CPU
		{D06C2247-D674-406B-A1A8-F50B6EAB4707}.Release|Any CPU.ActiveCfg = Release|Any CPU
		{D06C2247-D674-406B-A1A8-F50B6EAB4707}.Release|Any CPU.Build.0 = Release|Any CPU
		{651F24E4-627D-450D-98D0-8AB0F89FD96B}.Debug|Any CPU.ActiveCfg = Debug|Any CPU
		{651F24E4-627D-450D-98D0-8AB0F89FD96B}.Debug|Any CPU.Build.0 = Debug|Any CPU
		{651F24E4-627D-450D-98D0-8AB0F89FD96B}.Release|Any CPU.ActiveCfg = Release|Any CPU
		{651F24E4-627D-450D-98D0-8AB0F89FD96B}.Release|Any CPU.Build.0 = Release|Any CPU
		{00FDF965-1CFD-4C23-B65E-A0625FD86658}.Debug|Any CPU.ActiveCfg = Debug|Any CPU
		{00FDF965-1CFD-4C23-B65E-A0625FD86658}.Debug|Any CPU.Build.0 = Debug|Any CPU
		{00FDF965-1CFD-4C23-B65E-A0625FD86658}.Release|Any CPU.ActiveCfg = Release|Any CPU
		{00FDF965-1CFD-4C23-B65E-A0625FD86658}.Release|Any CPU.Build.0 = Release|Any CPU
		{1DBD7B57-6521-460A-ADA5-F54B2F5B357A}.Debug|Any CPU.ActiveCfg = Debug|Any CPU
		{1DBD7B57-6521-460A-ADA5-F54B2F5B357A}.Debug|Any CPU.Build.0 = Debug|Any CPU
		{1DBD7B57-6521-460A-ADA5-F54B2F5B357A}.Release|Any CPU.ActiveCfg = Release|Any CPU
		{1DBD7B57-6521-460A-ADA5-F54B2F5B357A}.Release|Any CPU.Build.0 = Release|Any CPU
		{ED820BAE-781C-4389-8AC8-DC629BD40EE2}.Debug|Any CPU.ActiveCfg = Debug|Any CPU
		{ED820BAE-781C-4389-8AC8-DC629BD40EE2}.Debug|Any CPU.Build.0 = Debug|Any CPU
		{ED820BAE-781C-4389-8AC8-DC629BD40EE2}.Release|Any CPU.ActiveCfg = Release|Any CPU
		{ED820BAE-781C-4389-8AC8-DC629BD40EE2}.Release|Any CPU.Build.0 = Release|Any CPU
		{EDF7CD36-1E09-437E-B67F-10EEDDAF5481}.Debug|Any CPU.ActiveCfg = Debug|Any CPU
		{EDF7CD36-1E09-437E-B67F-10EEDDAF5481}.Debug|Any CPU.Build.0 = Debug|Any CPU
		{EDF7CD36-1E09-437E-B67F-10EEDDAF5481}.Release|Any CPU.ActiveCfg = Release|Any CPU
		{EDF7CD36-1E09-437E-B67F-10EEDDAF5481}.Release|Any CPU.Build.0 = Release|Any CPU
		{5B27CC2B-9F12-432D-852B-4E37B8F440D6}.Debug|Any CPU.ActiveCfg = Debug|Any CPU
		{5B27CC2B-9F12-432D-852B-4E37B8F440D6}.Debug|Any CPU.Build.0 = Debug|Any CPU
		{5B27CC2B-9F12-432D-852B-4E37B8F440D6}.Release|Any CPU.ActiveCfg = Release|Any CPU
		{5B27CC2B-9F12-432D-852B-4E37B8F440D6}.Release|Any CPU.Build.0 = Release|Any CPU
		{95DEE256-6397-47DA-AF82-15A9740B56A5}.Debug|Any CPU.ActiveCfg = Debug|Any CPU
		{95DEE256-6397-47DA-AF82-15A9740B56A5}.Debug|Any CPU.Build.0 = Debug|Any CPU
		{95DEE256-6397-47DA-AF82-15A9740B56A5}.Release|Any CPU.ActiveCfg = Release|Any CPU
		{95DEE256-6397-47DA-AF82-15A9740B56A5}.Release|Any CPU.Build.0 = Release|Any CPU
		{DA1447BF-0380-483E-B510-1BE22EA4015E}.Debug|Any CPU.ActiveCfg = Debug|Any CPU
		{DA1447BF-0380-483E-B510-1BE22EA4015E}.Debug|Any CPU.Build.0 = Debug|Any CPU
		{DA1447BF-0380-483E-B510-1BE22EA4015E}.Release|Any CPU.ActiveCfg = Release|Any CPU
		{DA1447BF-0380-483E-B510-1BE22EA4015E}.Release|Any CPU.Build.0 = Release|Any CPU
		{905B3457-9103-4ADB-9F95-7AC27D298542}.Debug|Any CPU.ActiveCfg = Debug|Any CPU
		{905B3457-9103-4ADB-9F95-7AC27D298542}.Debug|Any CPU.Build.0 = Debug|Any CPU
		{905B3457-9103-4ADB-9F95-7AC27D298542}.Release|Any CPU.ActiveCfg = Release|Any CPU
		{905B3457-9103-4ADB-9F95-7AC27D298542}.Release|Any CPU.Build.0 = Release|Any CPU
		{B9004980-1AD5-4B72-810D-AF4FB77C5685}.Debug|Any CPU.ActiveCfg = Debug|Any CPU
		{B9004980-1AD5-4B72-810D-AF4FB77C5685}.Debug|Any CPU.Build.0 = Debug|Any CPU
		{B9004980-1AD5-4B72-810D-AF4FB77C5685}.Release|Any CPU.ActiveCfg = Release|Any CPU
		{B9004980-1AD5-4B72-810D-AF4FB77C5685}.Release|Any CPU.Build.0 = Release|Any CPU
		{09B88033-F6AA-4088-BBC8-8B6E1E3216C2}.Debug|Any CPU.ActiveCfg = Debug|Any CPU
		{09B88033-F6AA-4088-BBC8-8B6E1E3216C2}.Debug|Any CPU.Build.0 = Debug|Any CPU
		{09B88033-F6AA-4088-BBC8-8B6E1E3216C2}.Release|Any CPU.ActiveCfg = Release|Any CPU
		{09B88033-F6AA-4088-BBC8-8B6E1E3216C2}.Release|Any CPU.Build.0 = Release|Any CPU
		{8A484CEB-F85B-4B9B-B3E8-5CCA1267EC0F}.Debug|Any CPU.ActiveCfg = Debug|Any CPU
		{8A484CEB-F85B-4B9B-B3E8-5CCA1267EC0F}.Debug|Any CPU.Build.0 = Debug|Any CPU
		{8A484CEB-F85B-4B9B-B3E8-5CCA1267EC0F}.Release|Any CPU.ActiveCfg = Release|Any CPU
		{8A484CEB-F85B-4B9B-B3E8-5CCA1267EC0F}.Release|Any CPU.Build.0 = Release|Any CPU
		{0900F6D8-5ABC-48A4-BC0F-41604D920BC3}.Debug|Any CPU.ActiveCfg = Debug|Any CPU
		{0900F6D8-5ABC-48A4-BC0F-41604D920BC3}.Debug|Any CPU.Build.0 = Debug|Any CPU
		{0900F6D8-5ABC-48A4-BC0F-41604D920BC3}.Release|Any CPU.ActiveCfg = Release|Any CPU
		{0900F6D8-5ABC-48A4-BC0F-41604D920BC3}.Release|Any CPU.Build.0 = Release|Any CPU
		{29C6EE78-50C4-4D52-AAE9-D2B07FAFEAE5}.Debug|Any CPU.ActiveCfg = Debug|Any CPU
		{29C6EE78-50C4-4D52-AAE9-D2B07FAFEAE5}.Debug|Any CPU.Build.0 = Debug|Any CPU
		{29C6EE78-50C4-4D52-AAE9-D2B07FAFEAE5}.Release|Any CPU.ActiveCfg = Release|Any CPU
		{29C6EE78-50C4-4D52-AAE9-D2B07FAFEAE5}.Release|Any CPU.Build.0 = Release|Any CPU
		{D1483CCC-E5F4-46E3-B62B-DC9719929FD6}.Debug|Any CPU.ActiveCfg = Debug|Any CPU
		{D1483CCC-E5F4-46E3-B62B-DC9719929FD6}.Debug|Any CPU.Build.0 = Debug|Any CPU
		{D1483CCC-E5F4-46E3-B62B-DC9719929FD6}.Release|Any CPU.ActiveCfg = Release|Any CPU
		{D1483CCC-E5F4-46E3-B62B-DC9719929FD6}.Release|Any CPU.Build.0 = Release|Any CPU
		{77323E6D-B857-42A2-8F59-E99AC82A9B85}.Debug|Any CPU.ActiveCfg = Debug|Any CPU
		{77323E6D-B857-42A2-8F59-E99AC82A9B85}.Debug|Any CPU.Build.0 = Debug|Any CPU
		{77323E6D-B857-42A2-8F59-E99AC82A9B85}.Release|Any CPU.ActiveCfg = Release|Any CPU
		{77323E6D-B857-42A2-8F59-E99AC82A9B85}.Release|Any CPU.Build.0 = Release|Any CPU
		{5FB5F3DC-C6A7-48B8-8811-5BD4028ACE0E}.Debug|Any CPU.ActiveCfg = Debug|Any CPU
		{5FB5F3DC-C6A7-48B8-8811-5BD4028ACE0E}.Debug|Any CPU.Build.0 = Debug|Any CPU
		{5FB5F3DC-C6A7-48B8-8811-5BD4028ACE0E}.Release|Any CPU.ActiveCfg = Release|Any CPU
		{5FB5F3DC-C6A7-48B8-8811-5BD4028ACE0E}.Release|Any CPU.Build.0 = Release|Any CPU
		{EDCCD896-B4FC-40CC-B7CA-E741B5B7D90F}.Debug|Any CPU.ActiveCfg = Debug|Any CPU
		{EDCCD896-B4FC-40CC-B7CA-E741B5B7D90F}.Debug|Any CPU.Build.0 = Debug|Any CPU
		{EDCCD896-B4FC-40CC-B7CA-E741B5B7D90F}.Release|Any CPU.ActiveCfg = Release|Any CPU
		{EDCCD896-B4FC-40CC-B7CA-E741B5B7D90F}.Release|Any CPU.Build.0 = Release|Any CPU
		{6F2A3353-6A11-4AC6-ADA3-8AD0DF3520EB}.Debug|Any CPU.ActiveCfg = Debug|Any CPU
		{6F2A3353-6A11-4AC6-ADA3-8AD0DF3520EB}.Debug|Any CPU.Build.0 = Debug|Any CPU
		{6F2A3353-6A11-4AC6-ADA3-8AD0DF3520EB}.Release|Any CPU.ActiveCfg = Release|Any CPU
		{6F2A3353-6A11-4AC6-ADA3-8AD0DF3520EB}.Release|Any CPU.Build.0 = Release|Any CPU
		{41E57F28-AB5D-4DAE-9F55-0C4D1E4C0C47}.Debug|Any CPU.ActiveCfg = Debug|Any CPU
		{41E57F28-AB5D-4DAE-9F55-0C4D1E4C0C47}.Debug|Any CPU.Build.0 = Debug|Any CPU
		{41E57F28-AB5D-4DAE-9F55-0C4D1E4C0C47}.Release|Any CPU.ActiveCfg = Release|Any CPU
		{41E57F28-AB5D-4DAE-9F55-0C4D1E4C0C47}.Release|Any CPU.Build.0 = Release|Any CPU
		{40CD33A2-5FDC-4333-AB0D-184803F7A7A1}.Debug|Any CPU.ActiveCfg = Debug|Any CPU
		{40CD33A2-5FDC-4333-AB0D-184803F7A7A1}.Debug|Any CPU.Build.0 = Debug|Any CPU
		{40CD33A2-5FDC-4333-AB0D-184803F7A7A1}.Release|Any CPU.ActiveCfg = Release|Any CPU
		{40CD33A2-5FDC-4333-AB0D-184803F7A7A1}.Release|Any CPU.Build.0 = Release|Any CPU
		{B62524F1-6785-4EAE-92D3-BD08EABDB1F7}.Debug|Any CPU.ActiveCfg = Debug|Any CPU
		{B62524F1-6785-4EAE-92D3-BD08EABDB1F7}.Debug|Any CPU.Build.0 = Debug|Any CPU
		{B62524F1-6785-4EAE-92D3-BD08EABDB1F7}.Release|Any CPU.ActiveCfg = Release|Any CPU
		{B62524F1-6785-4EAE-92D3-BD08EABDB1F7}.Release|Any CPU.Build.0 = Release|Any CPU
		{200BAFB6-20A2-4CF2-B683-AF50AC7116E2}.Debug|Any CPU.ActiveCfg = Debug|Any CPU
		{200BAFB6-20A2-4CF2-B683-AF50AC7116E2}.Debug|Any CPU.Build.0 = Debug|Any CPU
		{200BAFB6-20A2-4CF2-B683-AF50AC7116E2}.Release|Any CPU.ActiveCfg = Release|Any CPU
		{200BAFB6-20A2-4CF2-B683-AF50AC7116E2}.Release|Any CPU.Build.0 = Release|Any CPU
		{1F726335-7A6C-4101-ACBA-530650FD6A01}.Debug|Any CPU.ActiveCfg = Debug|Any CPU
		{1F726335-7A6C-4101-ACBA-530650FD6A01}.Debug|Any CPU.Build.0 = Debug|Any CPU
		{1F726335-7A6C-4101-ACBA-530650FD6A01}.Release|Any CPU.ActiveCfg = Release|Any CPU
		{1F726335-7A6C-4101-ACBA-530650FD6A01}.Release|Any CPU.Build.0 = Release|Any CPU
		{182837D1-C254-47FF-B3A4-3AE76BB964A0}.Debug|Any CPU.ActiveCfg = Debug|Any CPU
		{182837D1-C254-47FF-B3A4-3AE76BB964A0}.Debug|Any CPU.Build.0 = Debug|Any CPU
		{182837D1-C254-47FF-B3A4-3AE76BB964A0}.Release|Any CPU.ActiveCfg = Release|Any CPU
		{182837D1-C254-47FF-B3A4-3AE76BB964A0}.Release|Any CPU.Build.0 = Release|Any CPU
		{E3E34C41-BF2B-46CE-AFA0-C6C6BE32C8D2}.Debug|Any CPU.ActiveCfg = Debug|Any CPU
		{E3E34C41-BF2B-46CE-AFA0-C6C6BE32C8D2}.Debug|Any CPU.Build.0 = Debug|Any CPU
		{E3E34C41-BF2B-46CE-AFA0-C6C6BE32C8D2}.Release|Any CPU.ActiveCfg = Release|Any CPU
		{E3E34C41-BF2B-46CE-AFA0-C6C6BE32C8D2}.Release|Any CPU.Build.0 = Release|Any CPU
		{D69E99DB-6CE7-4845-8A58-1FA84A968355}.Debug|Any CPU.ActiveCfg = Debug|Any CPU
		{D69E99DB-6CE7-4845-8A58-1FA84A968355}.Debug|Any CPU.Build.0 = Debug|Any CPU
		{D69E99DB-6CE7-4845-8A58-1FA84A968355}.Release|Any CPU.ActiveCfg = Release|Any CPU
		{D69E99DB-6CE7-4845-8A58-1FA84A968355}.Release|Any CPU.Build.0 = Release|Any CPU
		{84D0CCB0-7C82-48F2-B58C-FCBD426BE98E}.Debug|Any CPU.ActiveCfg = Debug|Any CPU
		{84D0CCB0-7C82-48F2-B58C-FCBD426BE98E}.Debug|Any CPU.Build.0 = Debug|Any CPU
		{84D0CCB0-7C82-48F2-B58C-FCBD426BE98E}.Release|Any CPU.ActiveCfg = Release|Any CPU
		{84D0CCB0-7C82-48F2-B58C-FCBD426BE98E}.Release|Any CPU.Build.0 = Release|Any CPU
	EndGlobalSection
	GlobalSection(SolutionProperties) = preSolution
		HideSolutionNode = FALSE
	EndGlobalSection
	GlobalSection(ExtensibilityGlobals) = postSolution
		SolutionGuid = {39A9475A-92F6-437C-BD0E-CD4D4C12955F}
	EndGlobalSection
EndGlobal
